
Microsoft Visual Studio Solution File, Format Version 12.00
Project("{FAE04EC0-301F-11D3-BF4B-00C04F79EFBC}") = "Milos.Shared.Core", "Milos.Shared.Core\Milos.Shared.Core.csproj", "{02731F29-6171-490A-A728-5A9917387954}"
EndProject
Global
	GlobalSection(SolutionConfigurationPlatforms) = preSolution
		Debug|Any CPU = Debug|Any CPU
		Release|Any CPU = Release|Any CPU
	EndGlobalSection
	GlobalSection(ProjectConfigurationPlatforms) = postSolution
		{02731F29-6171-490A-A728-5A9917387954}.Debug|Any CPU.ActiveCfg = Debug|Any CPU
		{02731F29-6171-490A-A728-5A9917387954}.Debug|Any CPU.Build.0 = Debug|Any CPU
		{02731F29-6171-490A-A728-5A9917387954}.Release|Any CPU.ActiveCfg = Release|Any CPU
		{02731F29-6171-490A-A728-5A9917387954}.Release|Any CPU.Build.0 = Release|Any CPU
	EndGlobalSection
EndGlobal
